
Microsoft Visual Studio Solution File, Format Version 12.00
# Visual Studio Version 16
VisualStudioVersion = 16.0.30717.126
MinimumVisualStudioVersion = 10.0.40219.1
Project("{2150E333-8FDC-42A3-9474-1A3956D46DE8}") = "src", "src", "{91F965A5-74C7-4A5E-9DAD-A82051C40DEA}"
EndProject
Project("{2150E333-8FDC-42A3-9474-1A3956D46DE8}") = "test", "test", "{BD30517D-AF90-4A01-AC81-3B8B28D91985}"
EndProject
Project("{2150E333-8FDC-42A3-9474-1A3956D46DE8}") = "Data", "Data", "{CE7F12BE-6CD1-4CE5-88C1-75A302448D39}"
EndProject
Project("{FAE04EC0-301F-11D3-BF4B-00C04F79EFBC}") = "Data.Forum", "Data.Forum\Data.Forum.csproj", "{8017D3A0-910C-4238-981B-DF8501D33BC4}"
EndProject
Project("{2150E333-8FDC-42A3-9474-1A3956D46DE8}") = "API", "API", "{D6E82C89-1DD3-4290-B00B-336DA67D3C65}"
EndProject
Project("{FAE04EC0-301F-11D3-BF4B-00C04F79EFBC}") = "API.Forum", "API.Forum\API.Forum.csproj", "{D9B2FD7D-CF2F-4AFD-8508-7295CC99CBDD}"
EndProject
Global
	GlobalSection(SolutionConfigurationPlatforms) = preSolution
		Debug|Any CPU = Debug|Any CPU
		Release|Any CPU = Release|Any CPU
	EndGlobalSection
	GlobalSection(ProjectConfigurationPlatforms) = postSolution
		{8017D3A0-910C-4238-981B-DF8501D33BC4}.Debug|Any CPU.ActiveCfg = Debug|Any CPU
		{8017D3A0-910C-4238-981B-DF8501D33BC4}.Debug|Any CPU.Build.0 = Debug|Any CPU
		{8017D3A0-910C-4238-981B-DF8501D33BC4}.Release|Any CPU.ActiveCfg = Release|Any CPU
		{8017D3A0-910C-4238-981B-DF8501D33BC4}.Release|Any CPU.Build.0 = Release|Any CPU
		{D9B2FD7D-CF2F-4AFD-8508-7295CC99CBDD}.Debug|Any CPU.ActiveCfg = Debug|Any CPU
		{D9B2FD7D-CF2F-4AFD-8508-7295CC99CBDD}.Debug|Any CPU.Build.0 = Debug|Any CPU
		{D9B2FD7D-CF2F-4AFD-8508-7295CC99CBDD}.Release|Any CPU.ActiveCfg = Release|Any CPU
		{D9B2FD7D-CF2F-4AFD-8508-7295CC99CBDD}.Release|Any CPU.Build.0 = Release|Any CPU
	EndGlobalSection
	GlobalSection(SolutionProperties) = preSolution
		HideSolutionNode = FALSE
	EndGlobalSection
	GlobalSection(NestedProjects) = preSolution
		{CE7F12BE-6CD1-4CE5-88C1-75A302448D39} = {91F965A5-74C7-4A5E-9DAD-A82051C40DEA}
		{8017D3A0-910C-4238-981B-DF8501D33BC4} = {CE7F12BE-6CD1-4CE5-88C1-75A302448D39}
		{D6E82C89-1DD3-4290-B00B-336DA67D3C65} = {91F965A5-74C7-4A5E-9DAD-A82051C40DEA}
		{D9B2FD7D-CF2F-4AFD-8508-7295CC99CBDD} = {D6E82C89-1DD3-4290-B00B-336DA67D3C65}
	EndGlobalSection
	GlobalSection(ExtensibilityGlobals) = postSolution
		SolutionGuid = {E7FB50CB-BCFD-41E4-BF72-F24FC5FBFB10}
	EndGlobalSection
EndGlobal
